
Microsoft Visual Studio Solution File, Format Version 12.00
# Visual Studio Version 16
VisualStudioVersion = 16.0.31313.79
MinimumVisualStudioVersion = 10.0.40219.1
Project("{FAE04EC0-301F-11D3-BF4B-00C04F79EFBC}") = "MyDictionary", "MyDictionary\MyDictionary.csproj", "{BD275139-9A53-44BE-964C-1447052C9A97}"
EndProject
Global
	GlobalSection(SolutionConfigurationPlatforms) = preSolution
		Debug|Any CPU = Debug|Any CPU
		Release|Any CPU = Release|Any CPU
	EndGlobalSection
	GlobalSection(ProjectConfigurationPlatforms) = postSolution
		{BD275139-9A53-44BE-964C-1447052C9A97}.Debug|Any CPU.ActiveCfg = Debug|Any CPU
		{BD275139-9A53-44BE-964C-1447052C9A97}.Debug|Any CPU.Build.0 = Debug|Any CPU
		{BD275139-9A53-44BE-964C-1447052C9A97}.Release|Any CPU.ActiveCfg = Release|Any CPU
		{BD275139-9A53-44BE-964C-1447052C9A97}.Release|Any CPU.Build.0 = Release|Any CPU
	EndGlobalSection
	GlobalSection(SolutionProperties) = preSolution
		HideSolutionNode = FALSE
	EndGlobalSection
	GlobalSection(ExtensibilityGlobals) = postSolution
		SolutionGuid = {4BE48DD5-0A9E-41AE-B303-870BE3FD121C}
	EndGlobalSection
EndGlobal
